
Microsoft Visual Studio Solution File, Format Version 12.00
# Visual Studio 2012
Project("{FAE04EC0-301F-11D3-BF4B-00C04F79EFBC}") = "membership-inheritance", "membership-inheritance\membership-inheritance.csproj", "{84D99E78-9839-4FF7-9C01-5788C781050A}"
EndProject
Global
	GlobalSection(SolutionConfigurationPlatforms) = preSolution
		Debug|Any CPU = Debug|Any CPU
		Release|Any CPU = Release|Any CPU
	EndGlobalSection
	GlobalSection(ProjectConfigurationPlatforms) = postSolution
		{84D99E78-9839-4FF7-9C01-5788C781050A}.Debug|Any CPU.ActiveCfg = Debug|Any CPU
		{84D99E78-9839-4FF7-9C01-5788C781050A}.Debug|Any CPU.Build.0 = Debug|Any CPU
		{84D99E78-9839-4FF7-9C01-5788C781050A}.Release|Any CPU.ActiveCfg = Release|Any CPU
		{84D99E78-9839-4FF7-9C01-5788C781050A}.Release|Any CPU.Build.0 = Release|Any CPU
	EndGlobalSection
EndGlobal
